
Microsoft Visual Studio Solution File, Format Version 12.00
# Visual Studio Version 16
VisualStudioVersion = 16.0.31321.278
MinimumVisualStudioVersion = 10.0.40219.1
Project("{FAE04EC0-301F-11D3-BF4B-00C04F79EFBC}") = "JaapHA2", "JaapHA2\JaapHA2.csproj", "{B2F9E623-1D93-4B75-B855-045F89740148}"
EndProject
Global
	GlobalSection(SolutionConfigurationPlatforms) = preSolution
		Debug|Any CPU = Debug|Any CPU
		Release|Any CPU = Release|Any CPU
	EndGlobalSection
	GlobalSection(ProjectConfigurationPlatforms) = postSolution
		{B2F9E623-1D93-4B75-B855-045F89740148}.Debug|Any CPU.ActiveCfg = Debug|Any CPU
		{B2F9E623-1D93-4B75-B855-045F89740148}.Debug|Any CPU.Build.0 = Debug|Any CPU
		{B2F9E623-1D93-4B75-B855-045F89740148}.Release|Any CPU.ActiveCfg = Release|Any CPU
		{B2F9E623-1D93-4B75-B855-045F89740148}.Release|Any CPU.Build.0 = Release|Any CPU
	EndGlobalSection
	GlobalSection(SolutionProperties) = preSolution
		HideSolutionNode = FALSE
	EndGlobalSection
	GlobalSection(ExtensibilityGlobals) = postSolution
		SolutionGuid = {18E99B5C-421C-4ABB-BD7F-7A1C213609FA}
	EndGlobalSection
EndGlobal
